
Microsoft Visual Studio Solution File, Format Version 12.00
# Visual Studio 14
VisualStudioVersion = 14.0.24720.0
MinimumVisualStudioVersion = 10.0.40219.1
Project("{FAE04EC0-301F-11D3-BF4B-00C04F79EFBC}") = "olx.Web", "olx.Web\olx.Web.csproj", "{E331E8E3-9C3E-4D03-A62B-DBCAC059B6D8}"
EndProject
Project("{FAE04EC0-301F-11D3-BF4B-00C04F79EFBC}") = "olx.Api", "olx.Api\olx.Api.csproj", "{AF47A3E9-AC76-4CA4-9820-A700A6C436D9}"
EndProject
Project("{FAE04EC0-301F-11D3-BF4B-00C04F79EFBC}") = "olx.Data", "olx.Data\olx.Data.csproj", "{3C64C51E-765E-41B4-A859-60D98AD0A028}"
	ProjectSection(ProjectDependencies) = postProject
		{A5325711-F5D5-4CE7-B8F0-4823FE869C6D} = {A5325711-F5D5-4CE7-B8F0-4823FE869C6D}
		{31DCF166-9BAD-4305-9486-F39AB47D0A4C} = {31DCF166-9BAD-4305-9486-F39AB47D0A4C}
	EndProjectSection
EndProject
Project("{FAE04EC0-301F-11D3-BF4B-00C04F79EFBC}") = "olx.Entity", "olx.Entity\olx.Entity.csproj", "{A5325711-F5D5-4CE7-B8F0-4823FE869C6D}"
	ProjectSection(ProjectDependencies) = postProject
		{31DCF166-9BAD-4305-9486-F39AB47D0A4C} = {31DCF166-9BAD-4305-9486-F39AB47D0A4C}
	EndProjectSection
EndProject
Project("{FAE04EC0-301F-11D3-BF4B-00C04F79EFBC}") = "olx.Context", "olx.Context\olx.Context.csproj", "{8578008C-3879-47D2-9E6B-38D090392E53}"
	ProjectSection(ProjectDependencies) = postProject
		{A5325711-F5D5-4CE7-B8F0-4823FE869C6D} = {A5325711-F5D5-4CE7-B8F0-4823FE869C6D}
	EndProjectSection
EndProject
Project("{FAE04EC0-301F-11D3-BF4B-00C04F79EFBC}") = "olx.Common", "olx.Common\olx.Common.csproj", "{31DCF166-9BAD-4305-9486-F39AB47D0A4C}"
EndProject
Global
	GlobalSection(SolutionConfigurationPlatforms) = preSolution
		Debug|Any CPU = Debug|Any CPU
		Release|Any CPU = Release|Any CPU
	EndGlobalSection
	GlobalSection(ProjectConfigurationPlatforms) = postSolution
		{E331E8E3-9C3E-4D03-A62B-DBCAC059B6D8}.Debug|Any CPU.ActiveCfg = Debug|Any CPU
		{E331E8E3-9C3E-4D03-A62B-DBCAC059B6D8}.Debug|Any CPU.Build.0 = Debug|Any CPU
		{E331E8E3-9C3E-4D03-A62B-DBCAC059B6D8}.Release|Any CPU.ActiveCfg = Release|Any CPU
		{E331E8E3-9C3E-4D03-A62B-DBCAC059B6D8}.Release|Any CPU.Build.0 = Release|Any CPU
		{AF47A3E9-AC76-4CA4-9820-A700A6C436D9}.Debug|Any CPU.ActiveCfg = Debug|Any CPU
		{AF47A3E9-AC76-4CA4-9820-A700A6C436D9}.Debug|Any CPU.Build.0 = Debug|Any CPU
		{AF47A3E9-AC76-4CA4-9820-A700A6C436D9}.Release|Any CPU.ActiveCfg = Release|Any CPU
		{AF47A3E9-AC76-4CA4-9820-A700A6C436D9}.Release|Any CPU.Build.0 = Release|Any CPU
		{3C64C51E-765E-41B4-A859-60D98AD0A028}.Debug|Any CPU.ActiveCfg = Debug|Any CPU
		{3C64C51E-765E-41B4-A859-60D98AD0A028}.Debug|Any CPU.Build.0 = Debug|Any CPU
		{3C64C51E-765E-41B4-A859-60D98AD0A028}.Release|Any CPU.ActiveCfg = Release|Any CPU
		{3C64C51E-765E-41B4-A859-60D98AD0A028}.Release|Any CPU.Build.0 = Release|Any CPU
		{A5325711-F5D5-4CE7-B8F0-4823FE869C6D}.Debug|Any CPU.ActiveCfg = Debug|Any CPU
		{A5325711-F5D5-4CE7-B8F0-4823FE869C6D}.Debug|Any CPU.Build.0 = Debug|Any CPU
		{A5325711-F5D5-4CE7-B8F0-4823FE869C6D}.Release|Any CPU.ActiveCfg = Release|Any CPU
		{A5325711-F5D5-4CE7-B8F0-4823FE869C6D}.Release|Any CPU.Build.0 = Release|Any CPU
		{8578008C-3879-47D2-9E6B-38D090392E53}.Debug|Any CPU.ActiveCfg = Debug|Any CPU
		{8578008C-3879-47D2-9E6B-38D090392E53}.Debug|Any CPU.Build.0 = Debug|Any CPU
		{8578008C-3879-47D2-9E6B-38D090392E53}.Release|Any CPU.ActiveCfg = Release|Any CPU
		{8578008C-3879-47D2-9E6B-38D090392E53}.Release|Any CPU.Build.0 = Release|Any CPU
		{31DCF166-9BAD-4305-9486-F39AB47D0A4C}.Debug|Any CPU.ActiveCfg = Debug|Any CPU
		{31DCF166-9BAD-4305-9486-F39AB47D0A4C}.Debug|Any CPU.Build.0 = Debug|Any CPU
		{31DCF166-9BAD-4305-9486-F39AB47D0A4C}.Release|Any CPU.ActiveCfg = Release|Any CPU
		{31DCF166-9BAD-4305-9486-F39AB47D0A4C}.Release|Any CPU.Build.0 = Release|Any CPU
	EndGlobalSection
	GlobalSection(SolutionProperties) = preSolution
		HideSolutionNode = FALSE
	EndGlobalSection
EndGlobal
